
Microsoft Visual Studio Solution File, Format Version 12.00
Project("{FAE04EC0-301F-11D3-BF4B-00C04F79EFBC}") = "MyDataStructures", "MyDataStructures\MyDataStructures.csproj", "{BD313ED6-EF75-433F-A4E1-0E1D2324295C}"
EndProject
Global
	GlobalSection(SolutionConfigurationPlatforms) = preSolution
		Debug|Any CPU = Debug|Any CPU
		Release|Any CPU = Release|Any CPU
	EndGlobalSection
	GlobalSection(ProjectConfigurationPlatforms) = postSolution
		{BD313ED6-EF75-433F-A4E1-0E1D2324295C}.Debug|Any CPU.ActiveCfg = Debug|Any CPU
		{BD313ED6-EF75-433F-A4E1-0E1D2324295C}.Debug|Any CPU.Build.0 = Debug|Any CPU
		{BD313ED6-EF75-433F-A4E1-0E1D2324295C}.Release|Any CPU.ActiveCfg = Release|Any CPU
		{BD313ED6-EF75-433F-A4E1-0E1D2324295C}.Release|Any CPU.Build.0 = Release|Any CPU
	EndGlobalSection
EndGlobal
